
Microsoft Visual Studio Solution File, Format Version 12.00
# Visual Studio 15
VisualStudioVersion = 15.0.27703.2026
MinimumVisualStudioVersion = 10.0.40219.1
Project("{FAE04EC0-301F-11D3-BF4B-00C04F79EFBC}") = "ConsoleApp2", "ConsoleApp2\ConsoleApp2.csproj", "{DC6053F0-E504-4FBD-8CE7-4149201A957C}"
EndProject
Global
	GlobalSection(SolutionConfigurationPlatforms) = preSolution
		Debug|Any CPU = Debug|Any CPU
		Release|Any CPU = Release|Any CPU
	EndGlobalSection
	GlobalSection(ProjectConfigurationPlatforms) = postSolution
		{DC6053F0-E504-4FBD-8CE7-4149201A957C}.Debug|Any CPU.ActiveCfg = Debug|Any CPU
		{DC6053F0-E504-4FBD-8CE7-4149201A957C}.Debug|Any CPU.Build.0 = Debug|Any CPU
		{DC6053F0-E504-4FBD-8CE7-4149201A957C}.Release|Any CPU.ActiveCfg = Release|Any CPU
		{DC6053F0-E504-4FBD-8CE7-4149201A957C}.Release|Any CPU.Build.0 = Release|Any CPU
	EndGlobalSection
	GlobalSection(SolutionProperties) = preSolution
		HideSolutionNode = FALSE
	EndGlobalSection
	GlobalSection(ExtensibilityGlobals) = postSolution
		SolutionGuid = {40F2F1E5-FB3A-4CF0-9D51-4CB4D95499E9}
	EndGlobalSection
EndGlobal
