
Microsoft Visual Studio Solution File, Format Version 12.00
# Visual Studio 15
VisualStudioVersion = 15.0.27703.2026
MinimumVisualStudioVersion = 10.0.40219.1
Project("{FAE04EC0-301F-11D3-BF4B-00C04F79EFBC}") = "ConsoleApp1", "ConsoleApp1\ConsoleApp1.csproj", "{F4E25FA2-FC58-4B4A-8F9D-C8E638AC0458}"
EndProject
Global
	GlobalSection(SolutionConfigurationPlatforms) = preSolution
		Debug|Any CPU = Debug|Any CPU
		Release|Any CPU = Release|Any CPU
	EndGlobalSection
	GlobalSection(ProjectConfigurationPlatforms) = postSolution
		{F4E25FA2-FC58-4B4A-8F9D-C8E638AC0458}.Debug|Any CPU.ActiveCfg = Debug|Any CPU
		{F4E25FA2-FC58-4B4A-8F9D-C8E638AC0458}.Debug|Any CPU.Build.0 = Debug|Any CPU
		{F4E25FA2-FC58-4B4A-8F9D-C8E638AC0458}.Release|Any CPU.ActiveCfg = Release|Any CPU
		{F4E25FA2-FC58-4B4A-8F9D-C8E638AC0458}.Release|Any CPU.Build.0 = Release|Any CPU
	EndGlobalSection
	GlobalSection(SolutionProperties) = preSolution
		HideSolutionNode = FALSE
	EndGlobalSection
	GlobalSection(ExtensibilityGlobals) = postSolution
		SolutionGuid = {24E5AEE3-A6D0-4597-8FC1-56E89C3C8FDE}
	EndGlobalSection
EndGlobal
